
Microsoft Visual Studio Solution File, Format Version 12.00
# Visual Studio Version 17
VisualStudioVersion = 17.13.35825.156
MinimumVisualStudioVersion = 10.0.40219.1
Project("{FAE04EC0-301F-11D3-BF4B-00C04F79EFBC}") = "Vendas.API", "Vendas.API\Vendas.API.csproj", "{FB1E15B3-8281-471A-83BA-AE879FBEB181}"
EndProject
Project("{FAE04EC0-301F-11D3-BF4B-00C04F79EFBC}") = "FrontVendas", "FrontVendas\FrontVendas.csproj", "{D91D1687-59FC-4A88-9DEB-35C3FDDDD9B6}"
EndProject
Project("{FAE04EC0-301F-11D3-BF4B-00C04F79EFBC}") = "FrontEndDeskTop", "FrontEndDeskTop\FrontEndDeskTop.csproj", "{6F972B23-7849-4DC8-B70C-EAD9187EB33F}"
EndProject
Project("{2150E333-8FDC-42A3-9474-1A3956D46DE8}") = "FrontEnd", "FrontEnd", "{02EA681E-C7D8-13C7-8484-4AC65E1B71E8}"
EndProject
Project("{2150E333-8FDC-42A3-9474-1A3956D46DE8}") = "BackEnd", "BackEnd", "{AF7D1799-6FE8-484F-8166-DC5CBE82BC3A}"
EndProject
Global
	GlobalSection(SolutionConfigurationPlatforms) = preSolution
		Debug|Any CPU = Debug|Any CPU
		Release|Any CPU = Release|Any CPU
	EndGlobalSection
	GlobalSection(ProjectConfigurationPlatforms) = postSolution
		{FB1E15B3-8281-471A-83BA-AE879FBEB181}.Debug|Any CPU.ActiveCfg = Debug|Any CPU
		{FB1E15B3-8281-471A-83BA-AE879FBEB181}.Debug|Any CPU.Build.0 = Debug|Any CPU
		{FB1E15B3-8281-471A-83BA-AE879FBEB181}.Release|Any CPU.ActiveCfg = Release|Any CPU
		{FB1E15B3-8281-471A-83BA-AE879FBEB181}.Release|Any CPU.Build.0 = Release|Any CPU
		{D91D1687-59FC-4A88-9DEB-35C3FDDDD9B6}.Debug|Any CPU.ActiveCfg = Debug|Any CPU
		{D91D1687-59FC-4A88-9DEB-35C3FDDDD9B6}.Debug|Any CPU.Build.0 = Debug|Any CPU
		{D91D1687-59FC-4A88-9DEB-35C3FDDDD9B6}.Release|Any CPU.ActiveCfg = Release|Any CPU
		{D91D1687-59FC-4A88-9DEB-35C3FDDDD9B6}.Release|Any CPU.Build.0 = Release|Any CPU
		{6F972B23-7849-4DC8-B70C-EAD9187EB33F}.Debug|Any CPU.ActiveCfg = Debug|Any CPU
		{6F972B23-7849-4DC8-B70C-EAD9187EB33F}.Debug|Any CPU.Build.0 = Debug|Any CPU
		{6F972B23-7849-4DC8-B70C-EAD9187EB33F}.Release|Any CPU.ActiveCfg = Release|Any CPU
		{6F972B23-7849-4DC8-B70C-EAD9187EB33F}.Release|Any CPU.Build.0 = Release|Any CPU
	EndGlobalSection
	GlobalSection(SolutionProperties) = preSolution
		HideSolutionNode = FALSE
	EndGlobalSection
	GlobalSection(NestedProjects) = preSolution
		{FB1E15B3-8281-471A-83BA-AE879FBEB181} = {AF7D1799-6FE8-484F-8166-DC5CBE82BC3A}
		{D91D1687-59FC-4A88-9DEB-35C3FDDDD9B6} = {02EA681E-C7D8-13C7-8484-4AC65E1B71E8}
		{6F972B23-7849-4DC8-B70C-EAD9187EB33F} = {02EA681E-C7D8-13C7-8484-4AC65E1B71E8}
	EndGlobalSection
	GlobalSection(ExtensibilityGlobals) = postSolution
		SolutionGuid = {4D1F5D04-6488-470F-B45C-977BB176B3EE}
	EndGlobalSection
EndGlobal
